
Microsoft Visual Studio Solution File, Format Version 12.00
# Visual Studio 2012
Project("{FAE04EC0-301F-11D3-BF4B-00C04F79EFBC}") = "TestToolsPlugin", "TestToolsPlugin\TestToolsPlugin.csproj", "{E9EADE7D-287C-4BE9-9941-27076654E14B}"
EndProject
Project("{2150E333-8FDC-42A3-9474-1A3956D46DE8}") = "Solution Items", "Solution Items", "{1A46BCAB-775A-429F-9F8B-60A8AF22984D}"
	ProjectSection(SolutionItems) = preProject
		Package.nuspec = Package.nuspec
	EndProjectSection
EndProject
Global
	GlobalSection(SolutionConfigurationPlatforms) = preSolution
		Debug|Any CPU = Debug|Any CPU
		Release|Any CPU = Release|Any CPU
	EndGlobalSection
	GlobalSection(ProjectConfigurationPlatforms) = postSolution
		{E9EADE7D-287C-4BE9-9941-27076654E14B}.Debug|Any CPU.ActiveCfg = Debug|Any CPU
		{E9EADE7D-287C-4BE9-9941-27076654E14B}.Debug|Any CPU.Build.0 = Debug|Any CPU
		{E9EADE7D-287C-4BE9-9941-27076654E14B}.Release|Any CPU.ActiveCfg = Release|Any CPU
		{E9EADE7D-287C-4BE9-9941-27076654E14B}.Release|Any CPU.Build.0 = Release|Any CPU
	EndGlobalSection
	GlobalSection(SolutionProperties) = preSolution
		HideSolutionNode = FALSE
	EndGlobalSection
EndGlobal
